
Microsoft Visual Studio Solution File, Format Version 12.00
# Visual Studio Version 17
VisualStudioVersion = 17.14.36930.0
MinimumVisualStudioVersion = 10.0.40219.1
Project("{FAE04EC0-301F-11D3-BF4B-00C04F79EFBC}") = "BusinessHub.API", "BusinessHub.API.csproj", "{B9CCAD20-F9D7-4C41-A2C2-58910B895983}"
EndProject
Project("{2150E333-8FDC-42A3-9474-1A3956D46DE8}") = "API", "API", "{02EA681E-C7D8-13C7-8484-4AC65E1B71E8}"
EndProject
Project("{2150E333-8FDC-42A3-9474-1A3956D46DE8}") = "Core", "Core", "{8B0906C2-6E4C-4C11-A5DD-6721B8F499EA}"
EndProject
Project("{2150E333-8FDC-42A3-9474-1A3956D46DE8}") = "Modules", "Modules", "{35E9D4C5-54A8-43A4-826D-6DD49176B7B2}"
EndProject
Project("{FAE04EC0-301F-11D3-BF4B-00C04F79EFBC}") = "BusinessHub.Core", "..\BusinessHub.Core\BusinessHub.Core.csproj", "{6B56D470-C4D5-46AE-9D60-E9F6B9E087CD}"
EndProject
Project("{2150E333-8FDC-42A3-9474-1A3956D46DE8}") = "Persons", "Persons", "{06CBC752-3BFB-416A-A758-A35BC4C23E10}"
EndProject
Project("{2150E333-8FDC-42A3-9474-1A3956D46DE8}") = "Identity", "Identity", "{EC6544AF-75AB-4E59-8D98-C5F50E3D584C}"
EndProject
Project("{2150E333-8FDC-42A3-9474-1A3956D46DE8}") = "DebtFlow", "DebtFlow", "{D958E8DC-FFE4-4618-ABFF-7E6F8FEA4BBA}"
EndProject
Project("{2150E333-8FDC-42A3-9474-1A3956D46DE8}") = "HR", "HR", "{AD2ADEA9-17D9-4231-B8F4-F3AEC0524921}"
EndProject
Project("{FAE04EC0-301F-11D3-BF4B-00C04F79EFBC}") = "BusinessHub.Modules.HR", "..\BusinessHub.Modules.HR\BusinessHub.Modules.HR.csproj", "{F5BF194A-339E-4F5F-818F-DC51CBD0CE65}"
EndProject
Project("{FAE04EC0-301F-11D3-BF4B-00C04F79EFBC}") = "BusinessHub.Modules.Identity", "..\BusinessHub.Modules.Identity\BusinessHub.Modules.Identity.csproj", "{5823F45D-E353-4D90-91EF-1C9C9F78774B}"
EndProject
Project("{FAE04EC0-301F-11D3-BF4B-00C04F79EFBC}") = "BusinessHub.Modules.Persons", "..\BusinessHub.Modules.Persons\BusinessHub.Modules.Persons.csproj", "{98069E37-2716-4673-8320-B58537834F4D}"
EndProject
Project("{FAE04EC0-301F-11D3-BF4B-00C04F79EFBC}") = "BusinessHub.Modules.DebtFlow", "..\BusinessHub.Modules.DebtFlow\BusinessHub.Modules.DebtFlow.csproj", "{3BDFD6B3-1F92-4F38-88CC-41581A5FF4A6}"
EndProject
Project("{2150E333-8FDC-42A3-9474-1A3956D46DE8}") = "Contracts", "Contracts", "{7D511464-EAD2-49A6-92D3-02D0FFDF36E0}"
EndProject
Project("{FAE04EC0-301F-11D3-BF4B-00C04F79EFBC}") = "BusinessHub.Contracts", "..\BusinessHub.Contracts\BusinessHub.Contracts.csproj", "{7240DCBF-274C-4704-9B3C-8AA6C445B829}"
EndProject
Project("{2150E333-8FDC-42A3-9474-1A3956D46DE8}") = "Infrastructure", "Infrastructure", "{A9AF6D5C-81AF-4510-B1BA-C4AFAC351F65}"
EndProject
Project("{FAE04EC0-301F-11D3-BF4B-00C04F79EFBC}") = "BusinessHub.Infrastructure", "..\BusinessHub.Infrastructure\BusinessHub.Infrastructure.csproj", "{0B6752AE-3263-4377-9A81-B70AE20E34A7}"
EndProject
Project("{2150E333-8FDC-42A3-9474-1A3956D46DE8}") = "MapperLayer", "MapperLayer", "{4C0DFC71-E66F-4950-B198-D137454C1869}"
EndProject
Project("{FAE04EC0-301F-11D3-BF4B-00C04F79EFBC}") = "BusinessHub.Mappers", "..\BusinessHub.Mappers\BusinessHub.Mappers.csproj", "{2D1AF9F1-81EF-4972-B0B7-33D946D5DE3E}"
EndProject
Project("{2150E333-8FDC-42A3-9474-1A3956D46DE8}") = "ValidatorLayer", "ValidatorLayer", "{78D87329-14E4-4ABC-9CC3-09BEF404BFFC}"
EndProject
Project("{FAE04EC0-301F-11D3-BF4B-00C04F79EFBC}") = "BusinessHub.Validators", "..\BusinessHub.Validators\BusinessHub.Validators.csproj", "{4987C012-8EB2-41CF-AF13-F6C329CBF199}"
EndProject
Project("{2150E333-8FDC-42A3-9474-1A3956D46DE8}") = "MiddlewareLayer", "MiddlewareLayer", "{947E6965-5FC2-474C-B408-35145BE5A960}"
EndProject
Project("{FAE04EC0-301F-11D3-BF4B-00C04F79EFBC}") = "BusinessHub.Middlewares", "..\BusinessHub.Middlewares\BusinessHub.Middlewares.csproj", "{54DD1CF9-761A-4CB3-AE9D-3E2BD4810F8A}"
EndProject
Project("{2150E333-8FDC-42A3-9474-1A3956D46DE8}") = "Core", "Core", "{08330127-87DE-44EE-9B78-ADF3375308A3}"
EndProject
Project("{FAE04EC0-301F-11D3-BF4B-00C04F79EFBC}") = "BusinessHub.Modules.Core", "..\BusinessHub.Modules.Core\BusinessHub.Modules.Core.csproj", "{15E8D4AD-352C-4E13-8111-743503F38433}"
EndProject
Project("{2150E333-8FDC-42A3-9474-1A3956D46DE8}") = "Projects", "Projects", "{2620B50F-788C-4C9C-8A8D-896516B68199}"
EndProject
Project("{FAE04EC0-301F-11D3-BF4B-00C04F79EFBC}") = "BusinessHub.Modules.Projects", "..\BusinessHub.Modules.Projects\BusinessHub.Modules.Projects.csproj", "{0BD6F2B8-4940-4D3B-91FD-F41CB00E6299}"
EndProject
Global
	GlobalSection(SolutionConfigurationPlatforms) = preSolution
		Debug|Any CPU = Debug|Any CPU
		Release|Any CPU = Release|Any CPU
	EndGlobalSection
	GlobalSection(ProjectConfigurationPlatforms) = postSolution
		{B9CCAD20-F9D7-4C41-A2C2-58910B895983}.Debug|Any CPU.ActiveCfg = Debug|Any CPU
		{B9CCAD20-F9D7-4C41-A2C2-58910B895983}.Debug|Any CPU.Build.0 = Debug|Any CPU
		{B9CCAD20-F9D7-4C41-A2C2-58910B895983}.Release|Any CPU.ActiveCfg = Release|Any CPU
		{B9CCAD20-F9D7-4C41-A2C2-58910B895983}.Release|Any CPU.Build.0 = Release|Any CPU
		{6B56D470-C4D5-46AE-9D60-E9F6B9E087CD}.Debug|Any CPU.ActiveCfg = Debug|Any CPU
		{6B56D470-C4D5-46AE-9D60-E9F6B9E087CD}.Debug|Any CPU.Build.0 = Debug|Any CPU
		{6B56D470-C4D5-46AE-9D60-E9F6B9E087CD}.Release|Any CPU.ActiveCfg = Release|Any CPU
		{6B56D470-C4D5-46AE-9D60-E9F6B9E087CD}.Release|Any CPU.Build.0 = Release|Any CPU
		{F5BF194A-339E-4F5F-818F-DC51CBD0CE65}.Debug|Any CPU.ActiveCfg = Debug|Any CPU
		{F5BF194A-339E-4F5F-818F-DC51CBD0CE65}.Debug|Any CPU.Build.0 = Debug|Any CPU
		{F5BF194A-339E-4F5F-818F-DC51CBD0CE65}.Release|Any CPU.ActiveCfg = Release|Any CPU
		{F5BF194A-339E-4F5F-818F-DC51CBD0CE65}.Release|Any CPU.Build.0 = Release|Any CPU
		{5823F45D-E353-4D90-91EF-1C9C9F78774B}.Debug|Any CPU.ActiveCfg = Debug|Any CPU
		{5823F45D-E353-4D90-91EF-1C9C9F78774B}.Debug|Any CPU.Build.0 = Debug|Any CPU
		{5823F45D-E353-4D90-91EF-1C9C9F78774B}.Release|Any CPU.ActiveCfg = Release|Any CPU
		{5823F45D-E353-4D90-91EF-1C9C9F78774B}.Release|Any CPU.Build.0 = Release|Any CPU
		{98069E37-2716-4673-8320-B58537834F4D}.Debug|Any CPU.ActiveCfg = Debug|Any CPU
		{98069E37-2716-4673-8320-B58537834F4D}.Debug|Any CPU.Build.0 = Debug|Any CPU
		{98069E37-2716-4673-8320-B58537834F4D}.Release|Any CPU.ActiveCfg = Release|Any CPU
		{98069E37-2716-4673-8320-B58537834F4D}.Release|Any CPU.Build.0 = Release|Any CPU
		{3BDFD6B3-1F92-4F38-88CC-41581A5FF4A6}.Debug|Any CPU.ActiveCfg = Debug|Any CPU
		{3BDFD6B3-1F92-4F38-88CC-41581A5FF4A6}.Debug|Any CPU.Build.0 = Debug|Any CPU
		{3BDFD6B3-1F92-4F38-88CC-41581A5FF4A6}.Release|Any CPU.ActiveCfg = Release|Any CPU
		{3BDFD6B3-1F92-4F38-88CC-41581A5FF4A6}.Release|Any CPU.Build.0 = Release|Any CPU
		{7240DCBF-274C-4704-9B3C-8AA6C445B829}.Debug|Any CPU.ActiveCfg = Debug|Any CPU
		{7240DCBF-274C-4704-9B3C-8AA6C445B829}.Debug|Any CPU.Build.0 = Debug|Any CPU
		{7240DCBF-274C-4704-9B3C-8AA6C445B829}.Release|Any CPU.ActiveCfg = Release|Any CPU
		{7240DCBF-274C-4704-9B3C-8AA6C445B829}.Release|Any CPU.Build.0 = Release|Any CPU
		{0B6752AE-3263-4377-9A81-B70AE20E34A7}.Debug|Any CPU.ActiveCfg = Debug|Any CPU
		{0B6752AE-3263-4377-9A81-B70AE20E34A7}.Debug|Any CPU.Build.0 = Debug|Any CPU
		{0B6752AE-3263-4377-9A81-B70AE20E34A7}.Release|Any CPU.ActiveCfg = Release|Any CPU
		{0B6752AE-3263-4377-9A81-B70AE20E34A7}.Release|Any CPU.Build.0 = Release|Any CPU
		{2D1AF9F1-81EF-4972-B0B7-33D946D5DE3E}.Debug|Any CPU.ActiveCfg = Debug|Any CPU
		{2D1AF9F1-81EF-4972-B0B7-33D946D5DE3E}.Debug|Any CPU.Build.0 = Debug|Any CPU
		{2D1AF9F1-81EF-4972-B0B7-33D946D5DE3E}.Release|Any CPU.ActiveCfg = Release|Any CPU
		{2D1AF9F1-81EF-4972-B0B7-33D946D5DE3E}.Release|Any CPU.Build.0 = Release|Any CPU
		{4987C012-8EB2-41CF-AF13-F6C329CBF199}.Debug|Any CPU.ActiveCfg = Debug|Any CPU
		{4987C012-8EB2-41CF-AF13-F6C329CBF199}.Debug|Any CPU.Build.0 = Debug|Any CPU
		{4987C012-8EB2-41CF-AF13-F6C329CBF199}.Release|Any CPU.ActiveCfg = Release|Any CPU
		{4987C012-8EB2-41CF-AF13-F6C329CBF199}.Release|Any CPU.Build.0 = Release|Any CPU
		{54DD1CF9-761A-4CB3-AE9D-3E2BD4810F8A}.Debug|Any CPU.ActiveCfg = Debug|Any CPU
		{54DD1CF9-761A-4CB3-AE9D-3E2BD4810F8A}.Debug|Any CPU.Build.0 = Debug|Any CPU
		{54DD1CF9-761A-4CB3-AE9D-3E2BD4810F8A}.Release|Any CPU.ActiveCfg = Release|Any CPU
		{54DD1CF9-761A-4CB3-AE9D-3E2BD4810F8A}.Release|Any CPU.Build.0 = Release|Any CPU
		{15E8D4AD-352C-4E13-8111-743503F38433}.Debug|Any CPU.ActiveCfg = Debug|Any CPU
		{15E8D4AD-352C-4E13-8111-743503F38433}.Debug|Any CPU.Build.0 = Debug|Any CPU
		{15E8D4AD-352C-4E13-8111-743503F38433}.Release|Any CPU.ActiveCfg = Release|Any CPU
		{15E8D4AD-352C-4E13-8111-743503F38433}.Release|Any CPU.Build.0 = Release|Any CPU
		{0BD6F2B8-4940-4D3B-91FD-F41CB00E6299}.Debug|Any CPU.ActiveCfg = Debug|Any CPU
		{0BD6F2B8-4940-4D3B-91FD-F41CB00E6299}.Debug|Any CPU.Build.0 = Debug|Any CPU
		{0BD6F2B8-4940-4D3B-91FD-F41CB00E6299}.Release|Any CPU.ActiveCfg = Release|Any CPU
		{0BD6F2B8-4940-4D3B-91FD-F41CB00E6299}.Release|Any CPU.Build.0 = Release|Any CPU
	EndGlobalSection
	GlobalSection(SolutionProperties) = preSolution
		HideSolutionNode = FALSE
	EndGlobalSection
	GlobalSection(NestedProjects) = preSolution
		{B9CCAD20-F9D7-4C41-A2C2-58910B895983} = {02EA681E-C7D8-13C7-8484-4AC65E1B71E8}
		{6B56D470-C4D5-46AE-9D60-E9F6B9E087CD} = {8B0906C2-6E4C-4C11-A5DD-6721B8F499EA}
		{06CBC752-3BFB-416A-A758-A35BC4C23E10} = {35E9D4C5-54A8-43A4-826D-6DD49176B7B2}
		{EC6544AF-75AB-4E59-8D98-C5F50E3D584C} = {35E9D4C5-54A8-43A4-826D-6DD49176B7B2}
		{D958E8DC-FFE4-4618-ABFF-7E6F8FEA4BBA} = {35E9D4C5-54A8-43A4-826D-6DD49176B7B2}
		{AD2ADEA9-17D9-4231-B8F4-F3AEC0524921} = {35E9D4C5-54A8-43A4-826D-6DD49176B7B2}
		{F5BF194A-339E-4F5F-818F-DC51CBD0CE65} = {AD2ADEA9-17D9-4231-B8F4-F3AEC0524921}
		{5823F45D-E353-4D90-91EF-1C9C9F78774B} = {EC6544AF-75AB-4E59-8D98-C5F50E3D584C}
		{98069E37-2716-4673-8320-B58537834F4D} = {06CBC752-3BFB-416A-A758-A35BC4C23E10}
		{3BDFD6B3-1F92-4F38-88CC-41581A5FF4A6} = {D958E8DC-FFE4-4618-ABFF-7E6F8FEA4BBA}
		{7240DCBF-274C-4704-9B3C-8AA6C445B829} = {7D511464-EAD2-49A6-92D3-02D0FFDF36E0}
		{0B6752AE-3263-4377-9A81-B70AE20E34A7} = {A9AF6D5C-81AF-4510-B1BA-C4AFAC351F65}
		{2D1AF9F1-81EF-4972-B0B7-33D946D5DE3E} = {4C0DFC71-E66F-4950-B198-D137454C1869}
		{4987C012-8EB2-41CF-AF13-F6C329CBF199} = {78D87329-14E4-4ABC-9CC3-09BEF404BFFC}
		{54DD1CF9-761A-4CB3-AE9D-3E2BD4810F8A} = {947E6965-5FC2-474C-B408-35145BE5A960}
		{08330127-87DE-44EE-9B78-ADF3375308A3} = {35E9D4C5-54A8-43A4-826D-6DD49176B7B2}
		{15E8D4AD-352C-4E13-8111-743503F38433} = {08330127-87DE-44EE-9B78-ADF3375308A3}
		{2620B50F-788C-4C9C-8A8D-896516B68199} = {35E9D4C5-54A8-43A4-826D-6DD49176B7B2}
		{0BD6F2B8-4940-4D3B-91FD-F41CB00E6299} = {2620B50F-788C-4C9C-8A8D-896516B68199}
	EndGlobalSection
	GlobalSection(ExtensibilityGlobals) = postSolution
		SolutionGuid = {04D43AF1-FDB6-4A24-B910-DB7F05EADF1A}
	EndGlobalSection
EndGlobal
